// !$*UTF8*$!
{
	archiveVersion = 1;
	classes = {
	};
	objectVersion = 56;
	objects = {

/* Begin PBXBuildFile section */
		028B56AE2941FDD800985279 /* AppDelegate.swift in Sources */ = {isa = PBXBuildFile; fileRef = 028B56AD2941FDD800985279 /* AppDelegate.swift */; };
		028B56B02941FDD800985279 /* art.scnassets in Resources */ = {isa = PBXBuildFile; fileRef = 028B56AF2941FDD800985279 /* art.scnassets */; };
		028B56B22941FDD800985279 /* ViewController.swift in Sources */ = {isa = PBXBuildFile; fileRef = 028B56B12941FDD800985279 /* ViewController.swift */; };
		028B56B52941FDD800985279 /* Main.storyboard in Resources */ = {isa = PBXBuildFile; fileRef = 028B56B32941FDD800985279 /* Main.storyboard */; };
		028B56B72941FDD900985279 /* Assets.xcassets in Resources */ = {isa = PBXBuildFile; fileRef = 028B56B62941FDD900985279 /* Assets.xcassets */; };
		028B56BA2941FDD900985279 /* LaunchScreen.storyboard in Resources */ = {isa = PBXBuildFile; fileRef = 028B56B82941FDD900985279 /* LaunchScreen.storyboard */; };
		7C6A71B52671C8D511B7B994 /* Pods_ARAbacusConsultants.framework in Frameworks */ = {isa = PBXBuildFile; fileRef = FD6CC45BC2DB0C4445E14E56 /* Pods_ARAbacusConsultants.framework */; };
/* End PBXBuildFile section */

/* Begin PBXFileReference section */
		010E3D58CE74E3E9A26EBC2A /* Pods-ARAbacusConsultants.debug.xcconfig */ = {isa = PBXFileReference; includeInIndex = 1; lastKnownFileType = text.xcconfig; name = "Pods-ARAbacusConsultants.debug.xcconfig"; path = "Target Support Files/Pods-ARAbacusConsultants/Pods-ARAbacusConsultants.debug.xcconfig"; sourceTree = "<group>"; };
		028B56AA2941FDD800985279 /* ARAbacusConsultants.app */ = {isa = PBXFileReference; explicitFileType = wrapper.application; includeInIndex = 0; path = ARAbacusConsultants.app; sourceTree = BUILT_PRODUCTS_DIR; };
		028B56AD2941FDD800985279 /* AppDelegate.swift */ = {isa = PBXFileReference; lastKnownFileType = sourcecode.swift; path = AppDelegate.swift; sourceTree = "<group>"; };
		028B56AF2941FDD800985279 /* art.scnassets */ = {isa = PBXFileReference; lastKnownFileType = wrapper.scnassets; path = art.scnassets; sourceTree = "<group>"; };
		028B56B12941FDD800985279 /* ViewController.swift */ = {isa = PBXFileReference; lastKnownFileType = sourcecode.swift; path = ViewController.swift; sourceTree = "<group>"; };
		028B56B42941FDD800985279 /* Base */ = {isa = PBXFileReference; lastKnownFileType = file.storyboard; name = Base; path = Base.lproj/Main.storyboard; sourceTree = "<group>"; };
		028B56B62941FDD900985279 /* Assets.xcassets */ = {isa = PBXFileReference; lastKnownFileType = folder.assetcatalog; path = Assets.xcassets; sourceTree = "<group>"; };
		028B56B92941FDD900985279 /* Base */ = {isa = PBXFileReference; lastKnownFileType = file.storyboard; name = Base; path = Base.lproj/LaunchScreen.storyboard; sourceTree = "<group>"; };
		16837A4AFCFF116898C613C8 /* Pods-ARAbacusConsultants.release.xcconfig */ = {isa = PBXFileReference; includeInIndex = 1; lastKnownFileType = text.xcconfig; name = "Pods-ARAbacusConsultants.release.xcconfig"; path = "Target Support Files/Pods-ARAbacusConsultants/Pods-ARAbacusConsultants.release.xcconfig"; sourceTree = "<group>"; };
		FD6CC45BC2DB0C4445E14E56 /* Pods_ARAbacusConsultants.framework */ = {isa = PBXFileReference; explicitFileType = wrapper.framework; includeInIndex = 0; path = Pods_ARAbacusConsultants.framework; sourceTree = BUILT_PRODUCTS_DIR; };
/* End PBXFileReference section */

/* Begin PBXFrameworksBuildPhase section */
		028B56A72941FDD800985279 /* Frameworks */ = {
			isa = PBXFrameworksBuildPhase;
			buildActionMask = 2147483647;
			files = (
				7C6A71B52671C8D511B7B994 /* Pods_ARAbacusConsultants.framework in Frameworks */,
			);
			runOnlyForDeploymentPostprocessing = 0;
		};
/* End PBXFrameworksBuildPhase section */

/* Begin PBXGroup section */
		027129ED29431739007DC4B8 /* Resources */ = {
			isa = PBXGroup;
			children = (
				028B56B62941FDD900985279 /* Assets.xcassets */,
				028B56AF2941FDD800985279 /* art.scnassets */,
			);
			path = Resources;
			sourceTree = "<group>";
		};
		027129EE29431742007DC4B8 /* App Delegates */ = {
			isa = PBXGroup;
			children = (
				028B56AD2941FDD800985279 /* AppDelegate.swift */,
			);
			path = "App Delegates";
			sourceTree = "<group>";
		};
		027129EF29431752007DC4B8 /* Views */ = {
			isa = PBXGroup;
			children = (
				028B56B32941FDD800985279 /* Main.storyboard */,
				028B56B82941FDD900985279 /* LaunchScreen.storyboard */,
			);
			path = Views;
			sourceTree = "<group>";
		};
		027129F02943175E007DC4B8 /* Controllers */ = {
			isa = PBXGroup;
			children = (
				028B56B12941FDD800985279 /* ViewController.swift */,
			);
			path = Controllers;
			sourceTree = "<group>";
		};
		028B56A12941FDD800985279 = {
			isa = PBXGroup;
			children = (
				028B56AC2941FDD800985279 /* ARAbacusConsultants */,
				028B56AB2941FDD800985279 /* Products */,
				1C7EA82F5F3F2FECBD82A9C1 /* Pods */,
				DD63DE7D4FAEEAB9CCF023DC /* Frameworks */,
			);
			sourceTree = "<group>";
		};
		028B56AB2941FDD800985279 /* Products */ = {
			isa = PBXGroup;
			children = (
				028B56AA2941FDD800985279 /* ARAbacusConsultants.app */,
			);
			name = Products;
			sourceTree = "<group>";
		};
		028B56AC2941FDD800985279 /* ARAbacusConsultants */ = {
			isa = PBXGroup;
			children = (
				027129F02943175E007DC4B8 /* Controllers */,
				027129EF29431752007DC4B8 /* Views */,
				027129EE29431742007DC4B8 /* App Delegates */,
				027129ED29431739007DC4B8 /* Resources */,
			);
			path = ARAbacusConsultants;
			sourceTree = "<group>";
		};
		1C7EA82F5F3F2FECBD82A9C1 /* Pods */ = {
			isa = PBXGroup;
			children = (
				010E3D58CE74E3E9A26EBC2A /* Pods-ARAbacusConsultants.debug.xcconfig */,
				16837A4AFCFF116898C613C8 /* Pods-ARAbacusConsultants.release.xcconfig */,
			);
			name = Pods;
			path = Pods;
			sourceTree = "<group>";
		};
		DD63DE7D4FAEEAB9CCF023DC /* Frameworks */ = {
			isa = PBXGroup;
			children = (
				FD6CC45BC2DB0C4445E14E56 /* Pods_ARAbacusConsultants.framework */,
			);
			name = Frameworks;
			sourceTree = "<group>";
		};
/* End PBXGroup section */

/* Begin PBXNativeTarget section */
		028B56A92941FDD800985279 /* ARAbacusConsultants */ = {
			isa = PBXNativeTarget;
			buildConfigurationList = 028B56BD2941FDD900985279 /* Build configuration list for PBXNativeTarget "ARAbacusConsultants" */;
			buildPhases = (
				B449547FCBE45761E24814C0 /* [CP] Check Pods Manifest.lock */,
				028B56A62941FDD800985279 /* Sources */,
				028B56A72941FDD800985279 /* Frameworks */,
				028B56A82941FDD800985279 /* Resources */,
			);
			buildRules = (
			);
			dependencies = (
			);
			name = ARAbacusConsultants;
			productName = ARAbacusConsultants;
			productReference = 028B56AA2941FDD800985279 /* ARAbacusConsultants.app */;
			productType = "com.apple.product-type.application";
		};
/* End PBXNativeTarget section */

/* Begin PBXProject section */
		028B56A22941FDD800985279 /* Project object */ = {
			isa = PBXProject;
			attributes = {
				BuildIndependentTargetsInParallel = 1;
				LastSwiftUpdateCheck = 1410;
				LastUpgradeCheck = 1410;
				TargetAttributes = {
					028B56A92941FDD800985279 = {
						CreatedOnToolsVersion = 14.1;
					};
				};
			};
			buildConfigurationList = 028B56A52941FDD800985279 /* Build configuration list for PBXProject "ARAbacusConsultants" */;
			compatibilityVersion = "Xcode 14.0";
			developmentRegion = en;
			hasScannedForEncodings = 0;
			knownRegions = (
				en,
				Base,
			);
			mainGroup = 028B56A12941FDD800985279;
			productRefGroup = 028B56AB2941FDD800985279 /* Products */;
			projectDirPath = "";
			projectRoot = "";
			targets = (
				028B56A92941FDD800985279 /* ARAbacusConsultants */,
			);
		};
/* End PBXProject section */

/* Begin PBXResourcesBuildPhase section */
		028B56A82941FDD800985279 /* Resources */ = {
			isa = PBXResourcesBuildPhase;
			buildActionMask = 2147483647;
			files = (
				028B56B02941FDD800985279 /* art.scnassets in Resources */,
				028B56BA2941FDD900985279 /* LaunchScreen.storyboard in Resources */,
				028B56B72941FDD900985279 /* Assets.xcassets in Resources */,
				028B56B52941FDD800985279 /* Main.storyboard in Resources */,
			);
			runOnlyForDeploymentPostprocessing = 0;
		};
/* End PBXResourcesBuildPhase section */

/* Begin PBXShellScriptBuildPhase section */
		B449547FCBE45761E24814C0 /* [CP] Check Pods Manifest.lock */ = {
			isa = PBXShellScriptBuildPhase;
			buildActionMask = 2147483647;
			files = (
			);
			inputFileListPaths = (
			);
			inputPaths = (
				"${PODS_PODFILE_DIR_PATH}/Podfile.lock",
				"${PODS_ROOT}/Manifest.lock",
			);
			name = "[CP] Check Pods Manifest.lock";
			outputFileListPaths = (
			);
			outputPaths = (
				"$(DERIVED_FILE_DIR)/Pods-ARAbacusConsultants-checkManifestLockResult.txt",
			);
			runOnlyForDeploymentPostprocessing = 0;
			shellPath = /bin/sh;
			shellScript = "diff \"${PODS_PODFILE_DIR_PATH}/Podfile.lock\" \"${PODS_ROOT}/Manifest.lock\" > /dev/null\nif [ $? != 0 ] ; then\n    # print error to STDERR\n    echo \"error: The sandbox is not in sync with the Podfile.lock. Run 'pod install' or update your CocoaPods installation.\" >&2\n    exit 1\nfi\n# This output is used by Xcode 'outputs' to avoid re-running this script phase.\necho \"SUCCESS\" > \"${SCRIPT_OUTPUT_FILE_0}\"\n";
			showEnvVarsInLog = 0;
		};
/* End PBXShellScriptBuildPhase section */

/* Begin PBXSourcesBuildPhase section */
		028B56A62941FDD800985279 /* Sources */ = {
			isa = PBXSourcesBuildPhase;
			buildActionMask = 2147483647;
			files = (
				028B56B22941FDD800985279 /* ViewController.swift in Sources */,
				028B56AE2941FDD800985279 /* AppDelegate.swift in Sources */,
			);
			runOnlyForDeploymentPostprocessing = 0;
		};
/* End PBXSourcesBuildPhase section */

/* Begin PBXVariantGroup section */
		028B56B32941FDD800985279 /* Main.storyboard */ = {
			isa = PBXVariantGroup;
			children = (
				028B56B42941FDD800985279 /* Base */,
			);
			name = Main.storyboard;
			sourceTree = "<group>";
		};
		028B56B82941FDD900985279 /* LaunchScreen.storyboard */ = {
			isa = PBXVariantGroup;
			children = (
				028B56B92941FDD900985279 /* Base */,
			);
			name = LaunchScreen.storyboard;
			sourceTree = "<group>";
		};
/* End PBXVariantGroup section */

/* Begin XCBuildConfiguration section */
		028B56BB2941FDD900985279 /* Debug */ = {
			isa = XCBuildConfiguration;
			buildSettings = {
				ALWAYS_SEARCH_USER_PATHS = NO;
				CLANG_ANALYZER_NONNULL = YES;
				CLANG_ANALYZER_NUMBER_OBJECT_CONVERSION = YES_AGGRESSIVE;
				CLANG_CXX_LANGUAGE_STANDARD = "gnu++20";
				CLANG_ENABLE_MODULES = YES;
				CLANG_ENABLE_OBJC_ARC = YES;
				CLANG_ENABLE_OBJC_WEAK = YES;
				CLANG_WARN_BLOCK_CAPTURE_AUTORELEASING = YES;
				CLANG_WARN_BOOL_CONVERSION = YES;
				CLANG_WARN_COMMA = YES;
				CLANG_WARN_CONSTANT_CONVERSION = YES;
				CLANG_WARN_DEPRECATED_OBJC_IMPLEMENTATIONS = YES;
				CLANG_WARN_DIRECT_OBJC_ISA_USAGE = YES_ERROR;
				CLANG_WARN_DOCUMENTATION_COMMENTS = YES;
				CLANG_WARN_EMPTY_BODY = YES;
				CLANG_WARN_ENUM_CONVERSION = YES;
				CLANG_WARN_INFINITE_RECURSION = YES;
				CLANG_WARN_INT_CONVERSION = YES;
				CLANG_WARN_NON_LITERAL_NULL_CONVERSION = YES;
				CLANG_WARN_OBJC_IMPLICIT_RETAIN_SELF = YES;
				CLANG_WARN_OBJC_LITERAL_CONVERSION = YES;
				CLANG_WARN_OBJC_ROOT_CLASS = YES_ERROR;
				CLANG_WARN_QUOTED_INCLUDE_IN_FRAMEWORK_HEADER = YES;
				CLANG_WARN_RANGE_LOOP_ANALYSIS = YES;
				CLANG_WARN_STRICT_PROTOTYPES = YES;
				CLANG_WARN_SUSPICIOUS_MOVE = YES;
				CLANG_WARN_UNGUARDED_AVAILABILITY = YES_AGGRESSIVE;
				CLANG_WARN_UNREACHABLE_CODE = YES;
				CLANG_WARN__DUPLICATE_METHOD_MATCH = YES;
				COPY_PHASE_STRIP = NO;
				DEBUG_INFORMATION_FORMAT = dwarf;
				ENABLE_STRICT_OBJC_MSGSEND = YES;
				ENABLE_TESTABILITY = YES;
				GCC_C_LANGUAGE_STANDARD = gnu11;
				GCC_DYNAMIC_NO_PIC = NO;
				GCC_NO_COMMON_BLOCKS = YES;
				GCC_OPTIMIZATION_LEVEL = 0;
				GCC_PREPROCESSOR_DEFINITIONS = (
					"DEBUG=1",
					"$(inherited)",
				);
				GCC_WARN_64_TO_32_BIT_CONVERSION = YES;
				GCC_WARN_ABOUT_RETURN_TYPE = YES_ERROR;
				GCC_WARN_UNDECLARED_SELECTOR = YES;
				GCC_WARN_UNINITIALIZED_AUTOS = YES_AGGRESSIVE;
				GCC_WARN_UNUSED_FUNCTION = YES;
				GCC_WARN_UNUSED_VARIABLE = YES;
				IPHONEOS_DEPLOYMENT_TARGET = 16.1;
				MTL_ENABLE_DEBUG_INFO = INCLUDE_SOURCE;
				MTL_FAST_MATH = YES;
				ONLY_ACTIVE_ARCH = YES;
				SDKROOT = iphoneos;
				SWIFT_ACTIVE_COMPILATION_CONDITIONS = DEBUG;
				SWIFT_OPTIMIZATION_LEVEL = "-Onone";
			};
			name = Debug;
		};
		028B56BC2941FDD900985279 /* Release */ = {
			isa = XCBuildConfiguration;
			buildSettings = {
				ALWAYS_SEARCH_USER_PATHS = NO;
				CLANG_ANALYZER_NONNULL = YES;
				CLANG_ANALYZER_NUMBER_OBJECT_CONVERSION = YES_AGGRESSIVE;
				CLANG_CXX_LANGUAGE_STANDARD = "gnu++20";
				CLANG_ENABLE_MODULES = YES;
				CLANG_ENABLE_OBJC_ARC = YES;
				CLANG_ENABLE_OBJC_WEAK = YES;
				CLANG_WARN_BLOCK_CAPTURE_AUTORELEASING = YES;
				CLANG_WARN_BOOL_CONVERSION = YES;
				CLANG_WARN_COMMA = YES;
				CLANG_WARN_CONSTANT_CONVERSION = YES;
				CLANG_WARN_DEPRECATED_OBJC_IMPLEMENTATIONS = YES;
				CLANG_WARN_DIRECT_OBJC_ISA_USAGE = YES_ERROR;
				CLANG_WARN_DOCUMENTATION_COMMENTS = YES;
				CLANG_WARN_EMPTY_BODY = YES;
				CLANG_WARN_ENUM_CONVERSION = YES;
				CLANG_WARN_INFINITE_RECURSION = YES;
				CLANG_WARN_INT_CONVERSION = YES;
				CLANG_WARN_NON_LITERAL_NULL_CONVERSION = YES;
				CLANG_WARN_OBJC_IMPLICIT_RETAIN_SELF = YES;
				CLANG_WARN_OBJC_LITERAL_CONVERSION = YES;
				CLANG_WARN_OBJC_ROOT_CLASS = YES_ERROR;
				CLANG_WARN_QUOTED_INCLUDE_IN_FRAMEWORK_HEADER = YES;
				CLANG_WARN_RANGE_LOOP_ANALYSIS = YES;
				CLANG_WARN_STRICT_PROTOTYPES = YES;
				CLANG_WARN_SUSPICIOUS_MOVE = YES;
				CLANG_WARN_UNGUARDED_AVAILABILITY = YES_AGGRESSIVE;
				CLANG_WARN_UNREACHABLE_CODE = YES;
				CLANG_WARN__DUPLICATE_METHOD_MATCH = YES;
				COPY_PHASE_STRIP = NO;
				DEBUG_INFORMATION_FORMAT = "dwarf-with-dsym";
				ENABLE_NS_ASSERTIONS = NO;
				ENABLE_STRICT_OBJC_MSGSEND = YES;
				GCC_C_LANGUAGE_STANDARD = gnu11;
				GCC_NO_COMMON_BLOCKS = YES;
				GCC_WARN_64_TO_32_BIT_CONVERSION = YES;
				GCC_WARN_ABOUT_RETURN_TYPE = YES_ERROR;
				GCC_WARN_UNDECLARED_SELECTOR = YES;
				GCC_WARN_UNINITIALIZED_AUTOS = YES_AGGRESSIVE;
				GCC_WARN_UNUSED_FUNCTION = YES;
				GCC_WARN_UNUSED_VARIABLE = YES;
				IPHONEOS_DEPLOYMENT_TARGET = 16.1;
				MTL_ENABLE_DEBUG_INFO = NO;
				MTL_FAST_MATH = YES;
				SDKROOT = iphoneos;
				SWIFT_COMPILATION_MODE = wholemodule;
				SWIFT_OPTIMIZATION_LEVEL = "-O";
				VALIDATE_PRODUCT = YES;
			};
			name = Release;
		};
		028B56BE2941FDD900985279 /* Debug */ = {
			isa = XCBuildConfiguration;
			baseConfigurationReference = 010E3D58CE74E3E9A26EBC2A /* Pods-ARAbacusConsultants.debug.xcconfig */;
			buildSettings = {
				ASSETCATALOG_COMPILER_APPICON_NAME = AppIcon;
				ASSETCATALOG_COMPILER_GLOBAL_ACCENT_COLOR_NAME = AccentColor;
				CODE_SIGN_STYLE = Automatic;
				CURRENT_PROJECT_VERSION = 1;
				DEVELOPMENT_TEAM = RP3P27QC8J;
				GENERATE_INFOPLIST_FILE = YES;
				INFOPLIST_KEY_NSCameraUsageDescription = "";
				INFOPLIST_KEY_UIApplicationSupportsIndirectInputEvents = YES;
				INFOPLIST_KEY_UILaunchStoryboardName = LaunchScreen;
				INFOPLIST_KEY_UIMainStoryboardFile = Main;
				INFOPLIST_KEY_UIRequiredDeviceCapabilities = arkit;
				INFOPLIST_KEY_UIStatusBarHidden = YES;
				INFOPLIST_KEY_UISupportedInterfaceOrientations_iPad = "UIInterfaceOrientationPortrait UIInterfaceOrientationPortraitUpsideDown UIInterfaceOrientationLandscapeLeft UIInterfaceOrientationLandscapeRight";
				INFOPLIST_KEY_UISupportedInterfaceOrientations_iPhone = "UIInterfaceOrientationPortrait UIInterfaceOrientationLandscapeLeft UIInterfaceOrientationLandscapeRight";
				LD_RUNPATH_SEARCH_PATHS = (
					"$(inherited)",
					"@executable_path/Frameworks",
				);
				MARKETING_VERSION = 1.0;
				PRODUCT_BUNDLE_IDENTIFIER = com.usamaqaisranifps.ARAbacusConsultants;
				PRODUCT_NAME = "$(TARGET_NAME)";
				SWIFT_EMIT_LOC_STRINGS = YES;
				SWIFT_VERSION = 5.0;
				TARGETED_DEVICE_FAMILY = "1,2";
			};
			name = Debug;
		};
		028B56BF2941FDD900985279 /* Release */ = {
			isa = XCBuildConfiguration;
			baseConfigurationReference = 16837A4AFCFF116898C613C8 /* Pods-ARAbacusConsultants.release.xcconfig */;
			buildSettings = {
				ASSETCATALOG_COMPILER_APPICON_NAME = AppIcon;
				ASSETCATALOG_COMPILER_GLOBAL_ACCENT_COLOR_NAME = AccentColor;
				CODE_SIGN_STYLE = Automatic;
				CURRENT_PROJECT_VERSION = 1;
				DEVELOPMENT_TEAM = RP3P27QC8J;
				GENERATE_INFOPLIST_FILE = YES;
				INFOPLIST_KEY_NSCameraUsageDescription = "";
				INFOPLIST_KEY_UIApplicationSupportsIndirectInputEvents = YES;
				INFOPLIST_KEY_UILaunchStoryboardName = LaunchScreen;
				INFOPLIST_KEY_UIMainStoryboardFile = Main;
				INFOPLIST_KEY_UIRequiredDeviceCapabilities = arkit;
				INFOPLIST_KEY_UIStatusBarHidden = YES;
				INFOPLIST_KEY_UISupportedInterfaceOrientations_iPad = "UIInterfaceOrientationPortrait UIInterfaceOrientationPortraitUpsideDown UIInterfaceOrientationLandscapeLeft UIInterfaceOrientationLandscapeRight";
				INFOPLIST_KEY_UISupportedInterfaceOrientations_iPhone = "UIInterfaceOrientationPortrait UIInterfaceOrientationLandscapeLeft UIInterfaceOrientationLandscapeRight";
				LD_RUNPATH_SEARCH_PATHS = (
					"$(inherited)",
					"@executable_path/Frameworks",
				);
				MARKETING_VERSION = 1.0;
				PRODUCT_BUNDLE_IDENTIFIER = com.usamaqaisranifps.ARAbacusConsultants;
				PRODUCT_NAME = "$(TARGET_NAME)";
				SWIFT_EMIT_LOC_STRINGS = YES;
				SWIFT_VERSION = 5.0;
				TARGETED_DEVICE_FAMILY = "1,2";
			};
			name = Release;
		};
/* End XCBuildConfiguration section */

/* Begin XCConfigurationList section */
		028B56A52941FDD800985279 /* Build configuration list for PBXProject "ARAbacusConsultants" */ = {
			isa = XCConfigurationList;
			buildConfigurations = (
				028B56BB2941FDD900985279 /* Debug */,
				028B56BC2941FDD900985279 /* Release */,
			);
			defaultConfigurationIsVisible = 0;
			defaultConfigurationName = Release;
		};
		028B56BD2941FDD900985279 /* Build configuration list for PBXNativeTarget "ARAbacusConsultants" */ = {
			isa = XCConfigurationList;
			buildConfigurations = (
				028B56BE2941FDD900985279 /* Debug */,
				028B56BF2941FDD900985279 /* Release */,
			);
			defaultConfigurationIsVisible = 0;
			defaultConfigurationName = Release;
		};
/* End XCConfigurationList section */
	};
	rootObject = 028B56A22941FDD800985279 /* Project object */;
}
